
Microsoft Visual Studio Solution File, Format Version 12.00
# Visual Studio Version 16
VisualStudioVersion = 16.0.30225.117
MinimumVisualStudioVersion = 10.0.40219.1
Project("{FAE04EC0-301F-11D3-BF4B-00C04F79EFBC}") = "WPFKnowledge", "WPFKnowledge.csproj", "{37F1572C-FCEC-4E92-827C-BE0A420222D2}"
EndProject
Global
	GlobalSection(SolutionConfigurationPlatforms) = preSolution
		Debug|Any CPU = Debug|Any CPU
		Release|Any CPU = Release|Any CPU
	EndGlobalSection
	GlobalSection(ProjectConfigurationPlatforms) = postSolution
		{37F1572C-FCEC-4E92-827C-BE0A420222D2}.Debug|Any CPU.ActiveCfg = Debug|Any CPU
		{37F1572C-FCEC-4E92-827C-BE0A420222D2}.Debug|Any CPU.Build.0 = Debug|Any CPU
		{37F1572C-FCEC-4E92-827C-BE0A420222D2}.Release|Any CPU.ActiveCfg = Release|Any CPU
		{37F1572C-FCEC-4E92-827C-BE0A420222D2}.Release|Any CPU.Build.0 = Release|Any CPU
	EndGlobalSection
	GlobalSection(SolutionProperties) = preSolution
		HideSolutionNode = FALSE
	EndGlobalSection
	GlobalSection(ExtensibilityGlobals) = postSolution
		SolutionGuid = {DD04F9B0-5D24-4175-AE1F-F3DEBE18264E}
	EndGlobalSection
EndGlobal
